
Microsoft Visual Studio Solution File, Format Version 12.00
# Visual Studio Version 16
VisualStudioVersion = 16.0.29418.71
MinimumVisualStudioVersion = 10.0.40219.1
Project("{9A19103F-16F7-4668-BE54-9A1E7A4F7556}") = "NATLiteNetLib", "..\NATLiteNetLib\NATLiteNetLib.csproj", "{7918B31E-1EEC-4402-B3D4-101BFD2533F4}"
EndProject
Project("{FAE04EC0-301F-11D3-BF4B-00C04F79EFBC}") = "NATPuncher", "NATPuncher\NATPuncher.csproj", "{46949181-CDE7-4C48-AB24-BAA3276F9626}"
EndProject
Project("{FAE04EC0-301F-11D3-BF4B-00C04F79EFBC}") = "NATShared", "..\NATShared\NATShared.csproj", "{2E439E10-689A-4157-A849-C882A5B5EAFC}"
EndProject
Global
	GlobalSection(SolutionConfigurationPlatforms) = preSolution
		Debug|Any CPU = Debug|Any CPU
		Release|Any CPU = Release|Any CPU
	EndGlobalSection
	GlobalSection(ProjectConfigurationPlatforms) = postSolution
		{7918B31E-1EEC-4402-B3D4-101BFD2533F4}.Debug|Any CPU.ActiveCfg = Debug|Any CPU
		{7918B31E-1EEC-4402-B3D4-101BFD2533F4}.Debug|Any CPU.Build.0 = Debug|Any CPU
		{7918B31E-1EEC-4402-B3D4-101BFD2533F4}.Release|Any CPU.ActiveCfg = Release|Any CPU
		{7918B31E-1EEC-4402-B3D4-101BFD2533F4}.Release|Any CPU.Build.0 = Release|Any CPU
		{46949181-CDE7-4C48-AB24-BAA3276F9626}.Debug|Any CPU.ActiveCfg = Debug|Any CPU
		{46949181-CDE7-4C48-AB24-BAA3276F9626}.Debug|Any CPU.Build.0 = Debug|Any CPU
		{46949181-CDE7-4C48-AB24-BAA3276F9626}.Release|Any CPU.ActiveCfg = Release|Any CPU
		{46949181-CDE7-4C48-AB24-BAA3276F9626}.Release|Any CPU.Build.0 = Release|Any CPU
		{2E439E10-689A-4157-A849-C882A5B5EAFC}.Debug|Any CPU.ActiveCfg = Debug|Any CPU
		{2E439E10-689A-4157-A849-C882A5B5EAFC}.Debug|Any CPU.Build.0 = Debug|Any CPU
		{2E439E10-689A-4157-A849-C882A5B5EAFC}.Release|Any CPU.ActiveCfg = Release|Any CPU
		{2E439E10-689A-4157-A849-C882A5B5EAFC}.Release|Any CPU.Build.0 = Release|Any CPU
	EndGlobalSection
	GlobalSection(SolutionProperties) = preSolution
		HideSolutionNode = FALSE
	EndGlobalSection
	GlobalSection(ExtensibilityGlobals) = postSolution
		SolutionGuid = {3928C01B-2F5B-4D7D-92E6-F82B66237992}
	EndGlobalSection
EndGlobal
