
Microsoft Visual Studio Solution File, Format Version 12.00
# Visual Studio Version 16
VisualStudioVersion = 16.0.29418.71
MinimumVisualStudioVersion = 10.0.40219.1
Project("{9A19103F-16F7-4668-BE54-9A1E7A4F7556}") = "NATLiteNetLib", "NATLiteNetLib\NATLiteNetLib.csproj", "{C594DDAA-C46C-4D6B-99E8-944A5928D705}"
EndProject
Project("{FAE04EC0-301F-11D3-BF4B-00C04F79EFBC}") = "NATShared", "NATShared\NATShared.csproj", "{2E439E10-689A-4157-A849-C882A5B5EAFC}"
EndProject
Project("{FAE04EC0-301F-11D3-BF4B-00C04F79EFBC}") = "NATLibSample", "NATLibSample\NATLibSample.csproj", "{E97ECC56-4FFC-4B8B-8A47-A2E784A46A1C}"
EndProject
Global
	GlobalSection(SolutionConfigurationPlatforms) = preSolution
		Debug|Any CPU = Debug|Any CPU
		Release|Any CPU = Release|Any CPU
	EndGlobalSection
	GlobalSection(ProjectConfigurationPlatforms) = postSolution
		{C594DDAA-C46C-4D6B-99E8-944A5928D705}.Debug|Any CPU.ActiveCfg = Debug|Any CPU
		{C594DDAA-C46C-4D6B-99E8-944A5928D705}.Debug|Any CPU.Build.0 = Debug|Any CPU
		{C594DDAA-C46C-4D6B-99E8-944A5928D705}.Release|Any CPU.ActiveCfg = Release|Any CPU
		{C594DDAA-C46C-4D6B-99E8-944A5928D705}.Release|Any CPU.Build.0 = Release|Any CPU
		{2E439E10-689A-4157-A849-C882A5B5EAFC}.Debug|Any CPU.ActiveCfg = Debug|Any CPU
		{2E439E10-689A-4157-A849-C882A5B5EAFC}.Debug|Any CPU.Build.0 = Debug|Any CPU
		{2E439E10-689A-4157-A849-C882A5B5EAFC}.Release|Any CPU.ActiveCfg = Release|Any CPU
		{2E439E10-689A-4157-A849-C882A5B5EAFC}.Release|Any CPU.Build.0 = Release|Any CPU
		{E97ECC56-4FFC-4B8B-8A47-A2E784A46A1C}.Debug|Any CPU.ActiveCfg = Debug|Any CPU
		{E97ECC56-4FFC-4B8B-8A47-A2E784A46A1C}.Debug|Any CPU.Build.0 = Debug|Any CPU
		{E97ECC56-4FFC-4B8B-8A47-A2E784A46A1C}.Release|Any CPU.ActiveCfg = Release|Any CPU
		{E97ECC56-4FFC-4B8B-8A47-A2E784A46A1C}.Release|Any CPU.Build.0 = Release|Any CPU
	EndGlobalSection
	GlobalSection(SolutionProperties) = preSolution
		HideSolutionNode = FALSE
	EndGlobalSection
	GlobalSection(ExtensibilityGlobals) = postSolution
		SolutionGuid = {9C9ED439-EE54-4723-B4DF-D8BBDC65D225}
	EndGlobalSection
EndGlobal
